
Microsoft Visual Studio Solution File, Format Version 12.00
# Visual Studio Version 16
VisualStudioVersion = 16.0.29215.179
MinimumVisualStudioVersion = 10.0.40219.1
Project("{FAE04EC0-301F-11D3-BF4B-00C04F79EFBC}") = "LSDebug", "LSDebug\LSDebug.csproj", "{4C25659D-4BF1-4C2E-B398-A3431F86E201}"
EndProject
Global
	GlobalSection(SolutionConfigurationPlatforms) = preSolution
		Debug|Any CPU = Debug|Any CPU
		Release|Any CPU = Release|Any CPU
	EndGlobalSection
	GlobalSection(ProjectConfigurationPlatforms) = postSolution
		{4C25659D-4BF1-4C2E-B398-A3431F86E201}.Debug|Any CPU.ActiveCfg = Debug|Any CPU
		{4C25659D-4BF1-4C2E-B398-A3431F86E201}.Debug|Any CPU.Build.0 = Debug|Any CPU
		{4C25659D-4BF1-4C2E-B398-A3431F86E201}.Release|Any CPU.ActiveCfg = Release|Any CPU
		{4C25659D-4BF1-4C2E-B398-A3431F86E201}.Release|Any CPU.Build.0 = Release|Any CPU
	EndGlobalSection
	GlobalSection(SolutionProperties) = preSolution
		HideSolutionNode = FALSE
	EndGlobalSection
	GlobalSection(ExtensibilityGlobals) = postSolution
		SolutionGuid = {34935E87-9D2D-45CD-B823-5DA88EED39CF}
	EndGlobalSection
EndGlobal
